// !$*UTF8*$!
{
	archiveVersion = 1;
	classes = {
	};
	objectVersion = 50;
	objects = {

/* Begin PBXBuildFile section */
		52FC37C3222D8C5300577200 /* AppDelegate.swift in Sources */ = {isa = PBXBuildFile; fileRef = 52FC37C2222D8C5300577200 /* AppDelegate.swift */; };
		52FC37C5222D8C5300577200 /* HomeController.swift in Sources */ = {isa = PBXBuildFile; fileRef = 52FC37C4222D8C5300577200 /* HomeController.swift */; };
		52FC37C8222D8C5300577200 /* Main.storyboard in Resources */ = {isa = PBXBuildFile; fileRef = 52FC37C6222D8C5300577200 /* Main.storyboard */; };
		52FC37CA222D8C5400577200 /* Assets.xcassets in Resources */ = {isa = PBXBuildFile; fileRef = 52FC37C9222D8C5400577200 /* Assets.xcassets */; };
		52FC37CD222D8C5400577200 /* LaunchScreen.storyboard in Resources */ = {isa = PBXBuildFile; fileRef = 52FC37CB222D8C5400577200 /* LaunchScreen.storyboard */; };
		52FC37D8222D8C5400577200 /* SwipeMatchFirestoreTests.swift in Sources */ = {isa = PBXBuildFile; fileRef = 52FC37D7222D8C5400577200 /* SwipeMatchFirestoreTests.swift */; };
		52FC37E3222D8C5400577200 /* SwipeMatchFirestoreUITests.swift in Sources */ = {isa = PBXBuildFile; fileRef = 52FC37E2222D8C5400577200 /* SwipeMatchFirestoreUITests.swift */; };
		52FC37F3222D8EF200577200 /* UIView-Ext.swift in Sources */ = {isa = PBXBuildFile; fileRef = 52FC37F2222D8EF200577200 /* UIView-Ext.swift */; };
		52FC37F5222D8EF900577200 /* UIColor-Ext.swift in Sources */ = {isa = PBXBuildFile; fileRef = 52FC37F4222D8EF900577200 /* UIColor-Ext.swift */; };
		52FC37F92230278800577200 /* HomeBottomControlsStackView.swift in Sources */ = {isa = PBXBuildFile; fileRef = 52FC37F82230278800577200 /* HomeBottomControlsStackView.swift */; };
		52FC37FB22302C3A00577200 /* TopNavigationStackViews.swift in Sources */ = {isa = PBXBuildFile; fileRef = 52FC37FA22302C3A00577200 /* TopNavigationStackViews.swift */; };
		52FC37FD2230325900577200 /* CardView.swift in Sources */ = {isa = PBXBuildFile; fileRef = 52FC37FC2230325900577200 /* CardView.swift */; };
		52FC3800223541BE00577200 /* User.swift in Sources */ = {isa = PBXBuildFile; fileRef = 52FC37FF223541BE00577200 /* User.swift */; };
		52FC38032236CA4100577200 /* CardViewModel.swift in Sources */ = {isa = PBXBuildFile; fileRef = 52FC38022236CA4100577200 /* CardViewModel.swift */; };
/* End PBXBuildFile section */

/* Begin PBXContainerItemProxy section */
		52FC37D4222D8C5400577200 /* PBXContainerItemProxy */ = {
			isa = PBXContainerItemProxy;
			containerPortal = 52FC37B7222D8C5300577200 /* Project object */;
			proxyType = 1;
			remoteGlobalIDString = 52FC37BE222D8C5300577200;
			remoteInfo = SwipeMatchFirestore;
		};
		52FC37DF222D8C5400577200 /* PBXContainerItemProxy */ = {
			isa = PBXContainerItemProxy;
			containerPortal = 52FC37B7222D8C5300577200 /* Project object */;
			proxyType = 1;
			remoteGlobalIDString = 52FC37BE222D8C5300577200;
			remoteInfo = SwipeMatchFirestore;
		};
/* End PBXContainerItemProxy section */

/* Begin PBXFileReference section */
		52FC37BF222D8C5300577200 /* SwipeMatchFirestore.app */ = {isa = PBXFileReference; explicitFileType = wrapper.application; includeInIndex = 0; path = SwipeMatchFirestore.app; sourceTree = BUILT_PRODUCTS_DIR; };
		52FC37C2222D8C5300577200 /* AppDelegate.swift */ = {isa = PBXFileReference; lastKnownFileType = sourcecode.swift; path = AppDelegate.swift; sourceTree = "<group>"; };
		52FC37C4222D8C5300577200 /* HomeController.swift */ = {isa = PBXFileReference; lastKnownFileType = sourcecode.swift; path = HomeController.swift; sourceTree = "<group>"; };
		52FC37C7222D8C5300577200 /* Base */ = {isa = PBXFileReference; lastKnownFileType = file.storyboard; name = Base; path = Base.lproj/Main.storyboard; sourceTree = "<group>"; };
		52FC37C9222D8C5400577200 /* Assets.xcassets */ = {isa = PBXFileReference; lastKnownFileType = folder.assetcatalog; path = Assets.xcassets; sourceTree = "<group>"; };
		52FC37CC222D8C5400577200 /* Base */ = {isa = PBXFileReference; lastKnownFileType = file.storyboard; name = Base; path = Base.lproj/LaunchScreen.storyboard; sourceTree = "<group>"; };
		52FC37CE222D8C5400577200 /* Info.plist */ = {isa = PBXFileReference; lastKnownFileType = text.plist.xml; path = Info.plist; sourceTree = "<group>"; };
		52FC37D3222D8C5400577200 /* SwipeMatchFirestoreTests.xctest */ = {isa = PBXFileReference; explicitFileType = wrapper.cfbundle; includeInIndex = 0; path = SwipeMatchFirestoreTests.xctest; sourceTree = BUILT_PRODUCTS_DIR; };
		52FC37D7222D8C5400577200 /* SwipeMatchFirestoreTests.swift */ = {isa = PBXFileReference; lastKnownFileType = sourcecode.swift; path = SwipeMatchFirestoreTests.swift; sourceTree = "<group>"; };
		52FC37D9222D8C5400577200 /* Info.plist */ = {isa = PBXFileReference; lastKnownFileType = text.plist.xml; path = Info.plist; sourceTree = "<group>"; };
		52FC37DE222D8C5400577200 /* SwipeMatchFirestoreUITests.xctest */ = {isa = PBXFileReference; explicitFileType = wrapper.cfbundle; includeInIndex = 0; path = SwipeMatchFirestoreUITests.xctest; sourceTree = BUILT_PRODUCTS_DIR; };
		52FC37E2222D8C5400577200 /* SwipeMatchFirestoreUITests.swift */ = {isa = PBXFileReference; lastKnownFileType = sourcecode.swift; path = SwipeMatchFirestoreUITests.swift; sourceTree = "<group>"; };
		52FC37E4222D8C5400577200 /* Info.plist */ = {isa = PBXFileReference; lastKnownFileType = text.plist.xml; path = Info.plist; sourceTree = "<group>"; };
		52FC37F2222D8EF200577200 /* UIView-Ext.swift */ = {isa = PBXFileReference; fileEncoding = 4; lastKnownFileType = sourcecode.swift; path = "UIView-Ext.swift"; sourceTree = "<group>"; };
		52FC37F4222D8EF900577200 /* UIColor-Ext.swift */ = {isa = PBXFileReference; fileEncoding = 4; lastKnownFileType = sourcecode.swift; path = "UIColor-Ext.swift"; sourceTree = "<group>"; };
		52FC37F82230278800577200 /* HomeBottomControlsStackView.swift */ = {isa = PBXFileReference; lastKnownFileType = sourcecode.swift; path = HomeBottomControlsStackView.swift; sourceTree = "<group>"; };
		52FC37FA22302C3A00577200 /* TopNavigationStackViews.swift */ = {isa = PBXFileReference; lastKnownFileType = sourcecode.swift; path = TopNavigationStackViews.swift; sourceTree = "<group>"; };
		52FC37FC2230325900577200 /* CardView.swift */ = {isa = PBXFileReference; lastKnownFileType = sourcecode.swift; path = CardView.swift; sourceTree = "<group>"; };
		52FC37FF223541BE00577200 /* User.swift */ = {isa = PBXFileReference; lastKnownFileType = sourcecode.swift; path = User.swift; sourceTree = "<group>"; };
		52FC38022236CA4100577200 /* CardViewModel.swift */ = {isa = PBXFileReference; lastKnownFileType = sourcecode.swift; path = CardViewModel.swift; sourceTree = "<group>"; };
/* End PBXFileReference section */

/* Begin PBXFrameworksBuildPhase section */
		52FC37BC222D8C5300577200 /* Frameworks */ = {
			isa = PBXFrameworksBuildPhase;
			buildActionMask = 2147483647;
			files = (
			);
			runOnlyForDeploymentPostprocessing = 0;
		};
		52FC37D0222D8C5400577200 /* Frameworks */ = {
			isa = PBXFrameworksBuildPhase;
			buildActionMask = 2147483647;
			files = (
			);
			runOnlyForDeploymentPostprocessing = 0;
		};
		52FC37DB222D8C5400577200 /* Frameworks */ = {
			isa = PBXFrameworksBuildPhase;
			buildActionMask = 2147483647;
			files = (
			);
			runOnlyForDeploymentPostprocessing = 0;
		};
/* End PBXFrameworksBuildPhase section */

/* Begin PBXGroup section */
		52FC37B6222D8C5300577200 = {
			isa = PBXGroup;
			children = (
				52FC37C1222D8C5300577200 /* SwipeMatchFirestore */,
				52FC37D6222D8C5400577200 /* SwipeMatchFirestoreTests */,
				52FC37E1222D8C5400577200 /* SwipeMatchFirestoreUITests */,
				52FC37C0222D8C5300577200 /* Products */,
			);
			sourceTree = "<group>";
		};
		52FC37C0222D8C5300577200 /* Products */ = {
			isa = PBXGroup;
			children = (
				52FC37BF222D8C5300577200 /* SwipeMatchFirestore.app */,
				52FC37D3222D8C5400577200 /* SwipeMatchFirestoreTests.xctest */,
				52FC37DE222D8C5400577200 /* SwipeMatchFirestoreUITests.xctest */,
			);
			name = Products;
			sourceTree = "<group>";
		};
		52FC37C1222D8C5300577200 /* SwipeMatchFirestore */ = {
			isa = PBXGroup;
			children = (
				52FC38012236CA2600577200 /* ViewModel */,
				52FC37FE223541A600577200 /* Model */,
				52FC37F7223026F600577200 /* Views */,
				52FC37F6222EE17600577200 /* Controller */,
				52FC37F1222D8EAC00577200 /* Extension */,
				52FC37C2222D8C5300577200 /* AppDelegate.swift */,
				52FC37C6222D8C5300577200 /* Main.storyboard */,
				52FC37C9222D8C5400577200 /* Assets.xcassets */,
				52FC37CB222D8C5400577200 /* LaunchScreen.storyboard */,
				52FC37CE222D8C5400577200 /* Info.plist */,
			);
			path = SwipeMatchFirestore;
			sourceTree = "<group>";
		};
		52FC37D6222D8C5400577200 /* SwipeMatchFirestoreTests */ = {
			isa = PBXGroup;
			children = (
				52FC37D7222D8C5400577200 /* SwipeMatchFirestoreTests.swift */,
				52FC37D9222D8C5400577200 /* Info.plist */,
			);
			path = SwipeMatchFirestoreTests;
			sourceTree = "<group>";
		};
		52FC37E1222D8C5400577200 /* SwipeMatchFirestoreUITests */ = {
			isa = PBXGroup;
			children = (
				52FC37E2222D8C5400577200 /* SwipeMatchFirestoreUITests.swift */,
				52FC37E4222D8C5400577200 /* Info.plist */,
			);
			path = SwipeMatchFirestoreUITests;
			sourceTree = "<group>";
		};
		52FC37F1222D8EAC00577200 /* Extension */ = {
			isa = PBXGroup;
			children = (
				52FC37F4222D8EF900577200 /* UIColor-Ext.swift */,
				52FC37F2222D8EF200577200 /* UIView-Ext.swift */,
			);
			path = Extension;
			sourceTree = "<group>";
		};
		52FC37F6222EE17600577200 /* Controller */ = {
			isa = PBXGroup;
			children = (
				52FC37C4222D8C5300577200 /* HomeController.swift */,
			);
			path = Controller;
			sourceTree = "<group>";
		};
		52FC37F7223026F600577200 /* Views */ = {
			isa = PBXGroup;
			children = (
				52FC37F82230278800577200 /* HomeBottomControlsStackView.swift */,
				52FC37FA22302C3A00577200 /* TopNavigationStackViews.swift */,
				52FC37FC2230325900577200 /* CardView.swift */,
			);
			path = Views;
			sourceTree = "<group>";
		};
		52FC37FE223541A600577200 /* Model */ = {
			isa = PBXGroup;
			children = (
				52FC37FF223541BE00577200 /* User.swift */,
			);
			path = Model;
			sourceTree = "<group>";
		};
		52FC38012236CA2600577200 /* ViewModel */ = {
			isa = PBXGroup;
			children = (
				52FC38022236CA4100577200 /* CardViewModel.swift */,
			);
			path = ViewModel;
			sourceTree = "<group>";
		};
/* End PBXGroup section */

/* Begin PBXNativeTarget section */
		52FC37BE222D8C5300577200 /* SwipeMatchFirestore */ = {
			isa = PBXNativeTarget;
			buildConfigurationList = 52FC37E7222D8C5400577200 /* Build configuration list for PBXNativeTarget "SwipeMatchFirestore" */;
			buildPhases = (
				52FC37BB222D8C5300577200 /* Sources */,
				52FC37BC222D8C5300577200 /* Frameworks */,
				52FC37BD222D8C5300577200 /* Resources */,
			);
			buildRules = (
			);
			dependencies = (
			);
			name = SwipeMatchFirestore;
			productName = SwipeMatchFirestore;
			productReference = 52FC37BF222D8C5300577200 /* SwipeMatchFirestore.app */;
			productType = "com.apple.product-type.application";
		};
		52FC37D2222D8C5400577200 /* SwipeMatchFirestoreTests */ = {
			isa = PBXNativeTarget;
			buildConfigurationList = 52FC37EA222D8C5400577200 /* Build configuration list for PBXNativeTarget "SwipeMatchFirestoreTests" */;
			buildPhases = (
				52FC37CF222D8C5400577200 /* Sources */,
				52FC37D0222D8C5400577200 /* Frameworks */,
				52FC37D1222D8C5400577200 /* Resources */,
			);
			buildRules = (
			);
			dependencies = (
				52FC37D5222D8C5400577200 /* PBXTargetDependency */,
			);
			name = SwipeMatchFirestoreTests;
			productName = SwipeMatchFirestoreTests;
			productReference = 52FC37D3222D8C5400577200 /* SwipeMatchFirestoreTests.xctest */;
			productType = "com.apple.product-type.bundle.unit-test";
		};
		52FC37DD222D8C5400577200 /* SwipeMatchFirestoreUITests */ = {
			isa = PBXNativeTarget;
			buildConfigurationList = 52FC37ED222D8C5400577200 /* Build configuration list for PBXNativeTarget "SwipeMatchFirestoreUITests" */;
			buildPhases = (
				52FC37DA222D8C5400577200 /* Sources */,
				52FC37DB222D8C5400577200 /* Frameworks */,
				52FC37DC222D8C5400577200 /* Resources */,
			);
			buildRules = (
			);
			dependencies = (
				52FC37E0222D8C5400577200 /* PBXTargetDependency */,
			);
			name = SwipeMatchFirestoreUITests;
			productName = SwipeMatchFirestoreUITests;
			productReference = 52FC37DE222D8C5400577200 /* SwipeMatchFirestoreUITests.xctest */;
			productType = "com.apple.product-type.bundle.ui-testing";
		};
/* End PBXNativeTarget section */

/* Begin PBXProject section */
		52FC37B7222D8C5300577200 /* Project object */ = {
			isa = PBXProject;
			attributes = {
				LastSwiftUpdateCheck = 1010;
				LastUpgradeCheck = 1010;
				ORGANIZATIONNAME = YusuKe;
				TargetAttributes = {
					52FC37BE222D8C5300577200 = {
						CreatedOnToolsVersion = 10.1;
					};
					52FC37D2222D8C5400577200 = {
						CreatedOnToolsVersion = 10.1;
						TestTargetID = 52FC37BE222D8C5300577200;
					};
					52FC37DD222D8C5400577200 = {
						CreatedOnToolsVersion = 10.1;
						TestTargetID = 52FC37BE222D8C5300577200;
					};
				};
			};
			buildConfigurationList = 52FC37BA222D8C5300577200 /* Build configuration list for PBXProject "SwipeMatchFirestore" */;
			compatibilityVersion = "Xcode 9.3";
			developmentRegion = en;
			hasScannedForEncodings = 0;
			knownRegions = (
				en,
				Base,
			);
			mainGroup = 52FC37B6222D8C5300577200;
			productRefGroup = 52FC37C0222D8C5300577200 /* Products */;
			projectDirPath = "";
			projectRoot = "";
			targets = (
				52FC37BE222D8C5300577200 /* SwipeMatchFirestore */,
				52FC37D2222D8C5400577200 /* SwipeMatchFirestoreTests */,
				52FC37DD222D8C5400577200 /* SwipeMatchFirestoreUITests */,
			);
		};
/* End PBXProject section */

/* Begin PBXResourcesBuildPhase section */
		52FC37BD222D8C5300577200 /* Resources */ = {
			isa = PBXResourcesBuildPhase;
			buildActionMask = 2147483647;
			files = (
				52FC37CD222D8C5400577200 /* LaunchScreen.storyboard in Resources */,
				52FC37CA222D8C5400577200 /* Assets.xcassets in Resources */,
				52FC37C8222D8C5300577200 /* Main.storyboard in Resources */,
			);
			runOnlyForDeploymentPostprocessing = 0;
		};
		52FC37D1222D8C5400577200 /* Resources */ = {
			isa = PBXResourcesBuildPhase;
			buildActionMask = 2147483647;
			files = (
			);
			runOnlyForDeploymentPostprocessing = 0;
		};
		52FC37DC222D8C5400577200 /* Resources */ = {
			isa = PBXResourcesBuildPhase;
			buildActionMask = 2147483647;
			files = (
			);
			runOnlyForDeploymentPostprocessing = 0;
		};
/* End PBXResourcesBuildPhase section */

/* Begin PBXSourcesBuildPhase section */
		52FC37BB222D8C5300577200 /* Sources */ = {
			isa = PBXSourcesBuildPhase;
			buildActionMask = 2147483647;
			files = (
				52FC37FD2230325900577200 /* CardView.swift in Sources */,
				52FC37F3222D8EF200577200 /* UIView-Ext.swift in Sources */,
				52FC37FB22302C3A00577200 /* TopNavigationStackViews.swift in Sources */,
				52FC37C5222D8C5300577200 /* HomeController.swift in Sources */,
				52FC3800223541BE00577200 /* User.swift in Sources */,
				52FC37F92230278800577200 /* HomeBottomControlsStackView.swift in Sources */,
				52FC37C3222D8C5300577200 /* AppDelegate.swift in Sources */,
				52FC37F5222D8EF900577200 /* UIColor-Ext.swift in Sources */,
				52FC38032236CA4100577200 /* CardViewModel.swift in Sources */,
			);
			runOnlyForDeploymentPostprocessing = 0;
		};
		52FC37CF222D8C5400577200 /* Sources */ = {
			isa = PBXSourcesBuildPhase;
			buildActionMask = 2147483647;
			files = (
				52FC37D8222D8C5400577200 /* SwipeMatchFirestoreTests.swift in Sources */,
			);
			runOnlyForDeploymentPostprocessing = 0;
		};
		52FC37DA222D8C5400577200 /* Sources */ = {
			isa = PBXSourcesBuildPhase;
			buildActionMask = 2147483647;
			files = (
				52FC37E3222D8C5400577200 /* SwipeMatchFirestoreUITests.swift in Sources */,
			);
			runOnlyForDeploymentPostprocessing = 0;
		};
/* End PBXSourcesBuildPhase section */

/* Begin PBXTargetDependency section */
		52FC37D5222D8C5400577200 /* PBXTargetDependency */ = {
			isa = PBXTargetDependency;
			target = 52FC37BE222D8C5300577200 /* SwipeMatchFirestore */;
			targetProxy = 52FC37D4222D8C5400577200 /* PBXContainerItemProxy */;
		};
		52FC37E0222D8C5400577200 /* PBXTargetDependency */ = {
			isa = PBXTargetDependency;
			target = 52FC37BE222D8C5300577200 /* SwipeMatchFirestore */;
			targetProxy = 52FC37DF222D8C5400577200 /* PBXContainerItemProxy */;
		};
/* End PBXTargetDependency section */

/* Begin PBXVariantGroup section */
		52FC37C6222D8C5300577200 /* Main.storyboard */ = {
			isa = PBXVariantGroup;
			children = (
				52FC37C7222D8C5300577200 /* Base */,
			);
			name = Main.storyboard;
			sourceTree = "<group>";
		};
		52FC37CB222D8C5400577200 /* LaunchScreen.storyboard */ = {
			isa = PBXVariantGroup;
			children = (
				52FC37CC222D8C5400577200 /* Base */,
			);
			name = LaunchScreen.storyboard;
			sourceTree = "<group>";
		};
/* End PBXVariantGroup section */

/* Begin XCBuildConfiguration section */
		52FC37E5222D8C5400577200 /* Debug */ = {
			isa = XCBuildConfiguration;
			buildSettings = {
				ALWAYS_SEARCH_USER_PATHS = NO;
				CLANG_ANALYZER_NONNULL = YES;
				CLANG_ANALYZER_NUMBER_OBJECT_CONVERSION = YES_AGGRESSIVE;
				CLANG_CXX_LANGUAGE_STANDARD = "gnu++14";
				CLANG_CXX_LIBRARY = "libc++";
				CLANG_ENABLE_MODULES = YES;
				CLANG_ENABLE_OBJC_ARC = YES;
				CLANG_ENABLE_OBJC_WEAK = YES;
				CLANG_WARN_BLOCK_CAPTURE_AUTORELEASING = YES;
				CLANG_WARN_BOOL_CONVERSION = YES;
				CLANG_WARN_COMMA = YES;
				CLANG_WARN_CONSTANT_CONVERSION = YES;
				CLANG_WARN_DEPRECATED_OBJC_IMPLEMENTATIONS = YES;
				CLANG_WARN_DIRECT_OBJC_ISA_USAGE = YES_ERROR;
				CLANG_WARN_DOCUMENTATION_COMMENTS = YES;
				CLANG_WARN_EMPTY_BODY = YES;
				CLANG_WARN_ENUM_CONVERSION = YES;
				CLANG_WARN_INFINITE_RECURSION = YES;
				CLANG_WARN_INT_CONVERSION = YES;
				CLANG_WARN_NON_LITERAL_NULL_CONVERSION = YES;
				CLANG_WARN_OBJC_IMPLICIT_RETAIN_SELF = YES;
				CLANG_WARN_OBJC_LITERAL_CONVERSION = YES;
				CLANG_WARN_OBJC_ROOT_CLASS = YES_ERROR;
				CLANG_WARN_RANGE_LOOP_ANALYSIS = YES;
				CLANG_WARN_STRICT_PROTOTYPES = YES;
				CLANG_WARN_SUSPICIOUS_MOVE = YES;
				CLANG_WARN_UNGUARDED_AVAILABILITY = YES_AGGRESSIVE;
				CLANG_WARN_UNREACHABLE_CODE = YES;
				CLANG_WARN__DUPLICATE_METHOD_MATCH = YES;
				CODE_SIGN_IDENTITY = "iPhone Developer";
				COPY_PHASE_STRIP = NO;
				DEBUG_INFORMATION_FORMAT = dwarf;
				ENABLE_STRICT_OBJC_MSGSEND = YES;
				ENABLE_TESTABILITY = YES;
				GCC_C_LANGUAGE_STANDARD = gnu11;
				GCC_DYNAMIC_NO_PIC = NO;
				GCC_NO_COMMON_BLOCKS = YES;
				GCC_OPTIMIZATION_LEVEL = 0;
				GCC_PREPROCESSOR_DEFINITIONS = (
					"DEBUG=1",
					"$(inherited)",
				);
				GCC_WARN_64_TO_32_BIT_CONVERSION = YES;
				GCC_WARN_ABOUT_RETURN_TYPE = YES_ERROR;
				GCC_WARN_UNDECLARED_SELECTOR = YES;
				GCC_WARN_UNINITIALIZED_AUTOS = YES_AGGRESSIVE;
				GCC_WARN_UNUSED_FUNCTION = YES;
				GCC_WARN_UNUSED_VARIABLE = YES;
				IPHONEOS_DEPLOYMENT_TARGET = 12.1;
				MTL_ENABLE_DEBUG_INFO = INCLUDE_SOURCE;
				MTL_FAST_MATH = YES;
				ONLY_ACTIVE_ARCH = YES;
				SDKROOT = iphoneos;
				SWIFT_ACTIVE_COMPILATION_CONDITIONS = DEBUG;
				SWIFT_OPTIMIZATION_LEVEL = "-Onone";
			};
			name = Debug;
		};
		52FC37E6222D8C5400577200 /* Release */ = {
			isa = XCBuildConfiguration;
			buildSettings = {
				ALWAYS_SEARCH_USER_PATHS = NO;
				CLANG_ANALYZER_NONNULL = YES;
				CLANG_ANALYZER_NUMBER_OBJECT_CONVERSION = YES_AGGRESSIVE;
				CLANG_CXX_LANGUAGE_STANDARD = "gnu++14";
				CLANG_CXX_LIBRARY = "libc++";
				CLANG_ENABLE_MODULES = YES;
				CLANG_ENABLE_OBJC_ARC = YES;
				CLANG_ENABLE_OBJC_WEAK = YES;
				CLANG_WARN_BLOCK_CAPTURE_AUTORELEASING = YES;
				CLANG_WARN_BOOL_CONVERSION = YES;
				CLANG_WARN_COMMA = YES;
				CLANG_WARN_CONSTANT_CONVERSION = YES;
				CLANG_WARN_DEPRECATED_OBJC_IMPLEMENTATIONS = YES;
				CLANG_WARN_DIRECT_OBJC_ISA_USAGE = YES_ERROR;
				CLANG_WARN_DOCUMENTATION_COMMENTS = YES;
				CLANG_WARN_EMPTY_BODY = YES;
				CLANG_WARN_ENUM_CONVERSION = YES;
				CLANG_WARN_INFINITE_RECURSION = YES;
				CLANG_WARN_INT_CONVERSION = YES;
				CLANG_WARN_NON_LITERAL_NULL_CONVERSION = YES;
				CLANG_WARN_OBJC_IMPLICIT_RETAIN_SELF = YES;
				CLANG_WARN_OBJC_LITERAL_CONVERSION = YES;
				CLANG_WARN_OBJC_ROOT_CLASS = YES_ERROR;
				CLANG_WARN_RANGE_LOOP_ANALYSIS = YES;
				CLANG_WARN_STRICT_PROTOTYPES = YES;
				CLANG_WARN_SUSPICIOUS_MOVE = YES;
				CLANG_WARN_UNGUARDED_AVAILABILITY = YES_AGGRESSIVE;
				CLANG_WARN_UNREACHABLE_CODE = YES;
				CLANG_WARN__DUPLICATE_METHOD_MATCH = YES;
				CODE_SIGN_IDENTITY = "iPhone Developer";
				COPY_PHASE_STRIP = NO;
				DEBUG_INFORMATION_FORMAT = "dwarf-with-dsym";
				ENABLE_NS_ASSERTIONS = NO;
				ENABLE_STRICT_OBJC_MSGSEND = YES;
				GCC_C_LANGUAGE_STANDARD = gnu11;
				GCC_NO_COMMON_BLOCKS = YES;
				GCC_WARN_64_TO_32_BIT_CONVERSION = YES;
				GCC_WARN_ABOUT_RETURN_TYPE = YES_ERROR;
				GCC_WARN_UNDECLARED_SELECTOR = YES;
				GCC_WARN_UNINITIALIZED_AUTOS = YES_AGGRESSIVE;
				GCC_WARN_UNUSED_FUNCTION = YES;
				GCC_WARN_UNUSED_VARIABLE = YES;
				IPHONEOS_DEPLOYMENT_TARGET = 12.1;
				MTL_ENABLE_DEBUG_INFO = NO;
				MTL_FAST_MATH = YES;
				SDKROOT = iphoneos;
				SWIFT_COMPILATION_MODE = wholemodule;
				SWIFT_OPTIMIZATION_LEVEL = "-O";
				VALIDATE_PRODUCT = YES;
			};
			name = Release;
		};
		52FC37E8222D8C5400577200 /* Debug */ = {
			isa = XCBuildConfiguration;
			buildSettings = {
				ASSETCATALOG_COMPILER_APPICON_NAME = AppIcon;
				CODE_SIGN_STYLE = Automatic;
				DEVELOPMENT_TEAM = HBCYBV88A2;
				INFOPLIST_FILE = SwipeMatchFirestore/Info.plist;
				LD_RUNPATH_SEARCH_PATHS = (
					"$(inherited)",
					"@executable_path/Frameworks",
				);
				PRODUCT_BUNDLE_IDENTIFIER = YusuKe.SwipeMatchFirestore;
				PRODUCT_NAME = "$(TARGET_NAME)";
				SWIFT_VERSION = 4.2;
				TARGETED_DEVICE_FAMILY = "1,2";
			};
			name = Debug;
		};
		52FC37E9222D8C5400577200 /* Release */ = {
			isa = XCBuildConfiguration;
			buildSettings = {
				ASSETCATALOG_COMPILER_APPICON_NAME = AppIcon;
				CODE_SIGN_STYLE = Automatic;
				DEVELOPMENT_TEAM = HBCYBV88A2;
				INFOPLIST_FILE = SwipeMatchFirestore/Info.plist;
				LD_RUNPATH_SEARCH_PATHS = (
					"$(inherited)",
					"@executable_path/Frameworks",
				);
				PRODUCT_BUNDLE_IDENTIFIER = YusuKe.SwipeMatchFirestore;
				PRODUCT_NAME = "$(TARGET_NAME)";
				SWIFT_VERSION = 4.2;
				TARGETED_DEVICE_FAMILY = "1,2";
			};
			name = Release;
		};
		52FC37EB222D8C5400577200 /* Debug */ = {
			isa = XCBuildConfiguration;
			buildSettings = {
				ALWAYS_EMBED_SWIFT_STANDARD_LIBRARIES = YES;
				BUNDLE_LOADER = "$(TEST_HOST)";
				CODE_SIGN_STYLE = Automatic;
				DEVELOPMENT_TEAM = HBCYBV88A2;
				INFOPLIST_FILE = SwipeMatchFirestoreTests/Info.plist;
				LD_RUNPATH_SEARCH_PATHS = (
					"$(inherited)",
					"@executable_path/Frameworks",
					"@loader_path/Frameworks",
				);
				PRODUCT_BUNDLE_IDENTIFIER = YusuKe.SwipeMatchFirestoreTests;
				PRODUCT_NAME = "$(TARGET_NAME)";
				SWIFT_VERSION = 4.2;
				TARGETED_DEVICE_FAMILY = "1,2";
				TEST_HOST = "$(BUILT_PRODUCTS_DIR)/SwipeMatchFirestore.app/SwipeMatchFirestore";
			};
			name = Debug;
		};
		52FC37EC222D8C5400577200 /* Release */ = {
			isa = XCBuildConfiguration;
			buildSettings = {
				ALWAYS_EMBED_SWIFT_STANDARD_LIBRARIES = YES;
				BUNDLE_LOADER = "$(TEST_HOST)";
				CODE_SIGN_STYLE = Automatic;
				DEVELOPMENT_TEAM = HBCYBV88A2;
				INFOPLIST_FILE = SwipeMatchFirestoreTests/Info.plist;
				LD_RUNPATH_SEARCH_PATHS = (
					"$(inherited)",
					"@executable_path/Frameworks",
					"@loader_path/Frameworks",
				);
				PRODUCT_BUNDLE_IDENTIFIER = YusuKe.SwipeMatchFirestoreTests;
				PRODUCT_NAME = "$(TARGET_NAME)";
				SWIFT_VERSION = 4.2;
				TARGETED_DEVICE_FAMILY = "1,2";
				TEST_HOST = "$(BUILT_PRODUCTS_DIR)/SwipeMatchFirestore.app/SwipeMatchFirestore";
			};
			name = Release;
		};
		52FC37EE222D8C5400577200 /* Debug */ = {
			isa = XCBuildConfiguration;
			buildSettings = {
				ALWAYS_EMBED_SWIFT_STANDARD_LIBRARIES = YES;
				CODE_SIGN_STYLE = Automatic;
				DEVELOPMENT_TEAM = HBCYBV88A2;
				INFOPLIST_FILE = SwipeMatchFirestoreUITests/Info.plist;
				LD_RUNPATH_SEARCH_PATHS = (
					"$(inherited)",
					"@executable_path/Frameworks",
					"@loader_path/Frameworks",
				);
				PRODUCT_BUNDLE_IDENTIFIER = YusuKe.SwipeMatchFirestoreUITests;
				PRODUCT_NAME = "$(TARGET_NAME)";
				SWIFT_VERSION = 4.2;
				TARGETED_DEVICE_FAMILY = "1,2";
				TEST_TARGET_NAME = SwipeMatchFirestore;
			};
			name = Debug;
		};
		52FC37EF222D8C5400577200 /* Release */ = {
			isa = XCBuildConfiguration;
			buildSettings = {
				ALWAYS_EMBED_SWIFT_STANDARD_LIBRARIES = YES;
				CODE_SIGN_STYLE = Automatic;
				DEVELOPMENT_TEAM = HBCYBV88A2;
				INFOPLIST_FILE = SwipeMatchFirestoreUITests/Info.plist;
				LD_RUNPATH_SEARCH_PATHS = (
					"$(inherited)",
					"@executable_path/Frameworks",
					"@loader_path/Frameworks",
				);
				PRODUCT_BUNDLE_IDENTIFIER = YusuKe.SwipeMatchFirestoreUITests;
				PRODUCT_NAME = "$(TARGET_NAME)";
				SWIFT_VERSION = 4.2;
				TARGETED_DEVICE_FAMILY = "1,2";
				TEST_TARGET_NAME = SwipeMatchFirestore;
			};
			name = Release;
		};
/* End XCBuildConfiguration section */

/* Begin XCConfigurationList section */
		52FC37BA222D8C5300577200 /* Build configuration list for PBXProject "SwipeMatchFirestore" */ = {
			isa = XCConfigurationList;
			buildConfigurations = (
				52FC37E5222D8C5400577200 /* Debug */,
				52FC37E6222D8C5400577200 /* Release */,
			);
			defaultConfigurationIsVisible = 0;
			defaultConfigurationName = Release;
		};
		52FC37E7222D8C5400577200 /* Build configuration list for PBXNativeTarget "SwipeMatchFirestore" */ = {
			isa = XCConfigurationList;
			buildConfigurations = (
				52FC37E8222D8C5400577200 /* Debug */,
				52FC37E9222D8C5400577200 /* Release */,
			);
			defaultConfigurationIsVisible = 0;
			defaultConfigurationName = Release;
		};
		52FC37EA222D8C5400577200 /* Build configuration list for PBXNativeTarget "SwipeMatchFirestoreTests" */ = {
			isa = XCConfigurationList;
			buildConfigurations = (
				52FC37EB222D8C5400577200 /* Debug */,
				52FC37EC222D8C5400577200 /* Release */,
			);
			defaultConfigurationIsVisible = 0;
			defaultConfigurationName = Release;
		};
		52FC37ED222D8C5400577200 /* Build configuration list for PBXNativeTarget "SwipeMatchFirestoreUITests" */ = {
			isa = XCConfigurationList;
			buildConfigurations = (
				52FC37EE222D8C5400577200 /* Debug */,
				52FC37EF222D8C5400577200 /* Release */,
			);
			defaultConfigurationIsVisible = 0;
			defaultConfigurationName = Release;
		};
/* End XCConfigurationList section */
	};
	rootObject = 52FC37B7222D8C5300577200 /* Project object */;
}
