// !$*UTF8*$!
{
	archiveVersion = 1;
	classes = {
	};
	objectVersion = 50;
	objects = {

/* Begin PBXBuildFile section */
		522F90CE224FA30D0029E041 /* AppDelegate.swift in Sources */ = {isa = PBXBuildFile; fileRef = 522F90CD224FA30C0029E041 /* AppDelegate.swift */; };
		522F90D0224FA30D0029E041 /* ViewController.swift in Sources */ = {isa = PBXBuildFile; fileRef = 522F90CF224FA30D0029E041 /* ViewController.swift */; };
		522F90D3224FA30D0029E041 /* Main.storyboard in Resources */ = {isa = PBXBuildFile; fileRef = 522F90D1224FA30D0029E041 /* Main.storyboard */; };
		522F90D5224FA30F0029E041 /* Assets.xcassets in Resources */ = {isa = PBXBuildFile; fileRef = 522F90D4224FA30F0029E041 /* Assets.xcassets */; };
		522F90D8224FA30F0029E041 /* LaunchScreen.storyboard in Resources */ = {isa = PBXBuildFile; fileRef = 522F90D6224FA30F0029E041 /* LaunchScreen.storyboard */; };
		522F90E3224FA3100029E041 /* AppStoreJSONApisTests.swift in Sources */ = {isa = PBXBuildFile; fileRef = 522F90E2224FA3100029E041 /* AppStoreJSONApisTests.swift */; };
		522F90EE224FA3100029E041 /* AppStoreJSONApisUITests.swift in Sources */ = {isa = PBXBuildFile; fileRef = 522F90ED224FA3100029E041 /* AppStoreJSONApisUITests.swift */; };
/* End PBXBuildFile section */

/* Begin PBXContainerItemProxy section */
		522F90DF224FA3100029E041 /* PBXContainerItemProxy */ = {
			isa = PBXContainerItemProxy;
			containerPortal = 522F90C2224FA30C0029E041 /* Project object */;
			proxyType = 1;
			remoteGlobalIDString = 522F90C9224FA30C0029E041;
			remoteInfo = AppStoreJSONApis;
		};
		522F90EA224FA3100029E041 /* PBXContainerItemProxy */ = {
			isa = PBXContainerItemProxy;
			containerPortal = 522F90C2224FA30C0029E041 /* Project object */;
			proxyType = 1;
			remoteGlobalIDString = 522F90C9224FA30C0029E041;
			remoteInfo = AppStoreJSONApis;
		};
/* End PBXContainerItemProxy section */

/* Begin PBXFileReference section */
		522F90CA224FA30C0029E041 /* AppStoreJSONApis.app */ = {isa = PBXFileReference; explicitFileType = wrapper.application; includeInIndex = 0; path = AppStoreJSONApis.app; sourceTree = BUILT_PRODUCTS_DIR; };
		522F90CD224FA30C0029E041 /* AppDelegate.swift */ = {isa = PBXFileReference; lastKnownFileType = sourcecode.swift; path = AppDelegate.swift; sourceTree = "<group>"; };
		522F90CF224FA30D0029E041 /* ViewController.swift */ = {isa = PBXFileReference; lastKnownFileType = sourcecode.swift; path = ViewController.swift; sourceTree = "<group>"; };
		522F90D2224FA30D0029E041 /* Base */ = {isa = PBXFileReference; lastKnownFileType = file.storyboard; name = Base; path = Base.lproj/Main.storyboard; sourceTree = "<group>"; };
		522F90D4224FA30F0029E041 /* Assets.xcassets */ = {isa = PBXFileReference; lastKnownFileType = folder.assetcatalog; path = Assets.xcassets; sourceTree = "<group>"; };
		522F90D7224FA30F0029E041 /* Base */ = {isa = PBXFileReference; lastKnownFileType = file.storyboard; name = Base; path = Base.lproj/LaunchScreen.storyboard; sourceTree = "<group>"; };
		522F90D9224FA30F0029E041 /* Info.plist */ = {isa = PBXFileReference; lastKnownFileType = text.plist.xml; path = Info.plist; sourceTree = "<group>"; };
		522F90DE224FA3100029E041 /* AppStoreJSONApisTests.xctest */ = {isa = PBXFileReference; explicitFileType = wrapper.cfbundle; includeInIndex = 0; path = AppStoreJSONApisTests.xctest; sourceTree = BUILT_PRODUCTS_DIR; };
		522F90E2224FA3100029E041 /* AppStoreJSONApisTests.swift */ = {isa = PBXFileReference; lastKnownFileType = sourcecode.swift; path = AppStoreJSONApisTests.swift; sourceTree = "<group>"; };
		522F90E4224FA3100029E041 /* Info.plist */ = {isa = PBXFileReference; lastKnownFileType = text.plist.xml; path = Info.plist; sourceTree = "<group>"; };
		522F90E9224FA3100029E041 /* AppStoreJSONApisUITests.xctest */ = {isa = PBXFileReference; explicitFileType = wrapper.cfbundle; includeInIndex = 0; path = AppStoreJSONApisUITests.xctest; sourceTree = BUILT_PRODUCTS_DIR; };
		522F90ED224FA3100029E041 /* AppStoreJSONApisUITests.swift */ = {isa = PBXFileReference; lastKnownFileType = sourcecode.swift; path = AppStoreJSONApisUITests.swift; sourceTree = "<group>"; };
		522F90EF224FA3100029E041 /* Info.plist */ = {isa = PBXFileReference; lastKnownFileType = text.plist.xml; path = Info.plist; sourceTree = "<group>"; };
/* End PBXFileReference section */

/* Begin PBXFrameworksBuildPhase section */
		522F90C7224FA30C0029E041 /* Frameworks */ = {
			isa = PBXFrameworksBuildPhase;
			buildActionMask = 2147483647;
			files = (
			);
			runOnlyForDeploymentPostprocessing = 0;
		};
		522F90DB224FA3100029E041 /* Frameworks */ = {
			isa = PBXFrameworksBuildPhase;
			buildActionMask = 2147483647;
			files = (
			);
			runOnlyForDeploymentPostprocessing = 0;
		};
		522F90E6224FA3100029E041 /* Frameworks */ = {
			isa = PBXFrameworksBuildPhase;
			buildActionMask = 2147483647;
			files = (
			);
			runOnlyForDeploymentPostprocessing = 0;
		};
/* End PBXFrameworksBuildPhase section */

/* Begin PBXGroup section */
		522F90C1224FA30C0029E041 = {
			isa = PBXGroup;
			children = (
				522F90CC224FA30C0029E041 /* AppStoreJSONApis */,
				522F90E1224FA3100029E041 /* AppStoreJSONApisTests */,
				522F90EC224FA3100029E041 /* AppStoreJSONApisUITests */,
				522F90CB224FA30C0029E041 /* Products */,
			);
			sourceTree = "<group>";
		};
		522F90CB224FA30C0029E041 /* Products */ = {
			isa = PBXGroup;
			children = (
				522F90CA224FA30C0029E041 /* AppStoreJSONApis.app */,
				522F90DE224FA3100029E041 /* AppStoreJSONApisTests.xctest */,
				522F90E9224FA3100029E041 /* AppStoreJSONApisUITests.xctest */,
			);
			name = Products;
			sourceTree = "<group>";
		};
		522F90CC224FA30C0029E041 /* AppStoreJSONApis */ = {
			isa = PBXGroup;
			children = (
				522F90CD224FA30C0029E041 /* AppDelegate.swift */,
				522F90CF224FA30D0029E041 /* ViewController.swift */,
				522F90D1224FA30D0029E041 /* Main.storyboard */,
				522F90D4224FA30F0029E041 /* Assets.xcassets */,
				522F90D6224FA30F0029E041 /* LaunchScreen.storyboard */,
				522F90D9224FA30F0029E041 /* Info.plist */,
			);
			path = AppStoreJSONApis;
			sourceTree = "<group>";
		};
		522F90E1224FA3100029E041 /* AppStoreJSONApisTests */ = {
			isa = PBXGroup;
			children = (
				522F90E2224FA3100029E041 /* AppStoreJSONApisTests.swift */,
				522F90E4224FA3100029E041 /* Info.plist */,
			);
			path = AppStoreJSONApisTests;
			sourceTree = "<group>";
		};
		522F90EC224FA3100029E041 /* AppStoreJSONApisUITests */ = {
			isa = PBXGroup;
			children = (
				522F90ED224FA3100029E041 /* AppStoreJSONApisUITests.swift */,
				522F90EF224FA3100029E041 /* Info.plist */,
			);
			path = AppStoreJSONApisUITests;
			sourceTree = "<group>";
		};
/* End PBXGroup section */

/* Begin PBXNativeTarget section */
		522F90C9224FA30C0029E041 /* AppStoreJSONApis */ = {
			isa = PBXNativeTarget;
			buildConfigurationList = 522F90F2224FA3100029E041 /* Build configuration list for PBXNativeTarget "AppStoreJSONApis" */;
			buildPhases = (
				522F90C6224FA30C0029E041 /* Sources */,
				522F90C7224FA30C0029E041 /* Frameworks */,
				522F90C8224FA30C0029E041 /* Resources */,
			);
			buildRules = (
			);
			dependencies = (
			);
			name = AppStoreJSONApis;
			productName = AppStoreJSONApis;
			productReference = 522F90CA224FA30C0029E041 /* AppStoreJSONApis.app */;
			productType = "com.apple.product-type.application";
		};
		522F90DD224FA3100029E041 /* AppStoreJSONApisTests */ = {
			isa = PBXNativeTarget;
			buildConfigurationList = 522F90F5224FA3100029E041 /* Build configuration list for PBXNativeTarget "AppStoreJSONApisTests" */;
			buildPhases = (
				522F90DA224FA3100029E041 /* Sources */,
				522F90DB224FA3100029E041 /* Frameworks */,
				522F90DC224FA3100029E041 /* Resources */,
			);
			buildRules = (
			);
			dependencies = (
				522F90E0224FA3100029E041 /* PBXTargetDependency */,
			);
			name = AppStoreJSONApisTests;
			productName = AppStoreJSONApisTests;
			productReference = 522F90DE224FA3100029E041 /* AppStoreJSONApisTests.xctest */;
			productType = "com.apple.product-type.bundle.unit-test";
		};
		522F90E8224FA3100029E041 /* AppStoreJSONApisUITests */ = {
			isa = PBXNativeTarget;
			buildConfigurationList = 522F90F8224FA3100029E041 /* Build configuration list for PBXNativeTarget "AppStoreJSONApisUITests" */;
			buildPhases = (
				522F90E5224FA3100029E041 /* Sources */,
				522F90E6224FA3100029E041 /* Frameworks */,
				522F90E7224FA3100029E041 /* Resources */,
			);
			buildRules = (
			);
			dependencies = (
				522F90EB224FA3100029E041 /* PBXTargetDependency */,
			);
			name = AppStoreJSONApisUITests;
			productName = AppStoreJSONApisUITests;
			productReference = 522F90E9224FA3100029E041 /* AppStoreJSONApisUITests.xctest */;
			productType = "com.apple.product-type.bundle.ui-testing";
		};
/* End PBXNativeTarget section */

/* Begin PBXProject section */
		522F90C2224FA30C0029E041 /* Project object */ = {
			isa = PBXProject;
			attributes = {
				LastSwiftUpdateCheck = 1010;
				LastUpgradeCheck = 1010;
				ORGANIZATIONNAME = YusuKe;
				TargetAttributes = {
					522F90C9224FA30C0029E041 = {
						CreatedOnToolsVersion = 10.1;
					};
					522F90DD224FA3100029E041 = {
						CreatedOnToolsVersion = 10.1;
						TestTargetID = 522F90C9224FA30C0029E041;
					};
					522F90E8224FA3100029E041 = {
						CreatedOnToolsVersion = 10.1;
						TestTargetID = 522F90C9224FA30C0029E041;
					};
				};
			};
			buildConfigurationList = 522F90C5224FA30C0029E041 /* Build configuration list for PBXProject "AppStoreJSONApis" */;
			compatibilityVersion = "Xcode 9.3";
			developmentRegion = en;
			hasScannedForEncodings = 0;
			knownRegions = (
				en,
				Base,
			);
			mainGroup = 522F90C1224FA30C0029E041;
			productRefGroup = 522F90CB224FA30C0029E041 /* Products */;
			projectDirPath = "";
			projectRoot = "";
			targets = (
				522F90C9224FA30C0029E041 /* AppStoreJSONApis */,
				522F90DD224FA3100029E041 /* AppStoreJSONApisTests */,
				522F90E8224FA3100029E041 /* AppStoreJSONApisUITests */,
			);
		};
/* End PBXProject section */

/* Begin PBXResourcesBuildPhase section */
		522F90C8224FA30C0029E041 /* Resources */ = {
			isa = PBXResourcesBuildPhase;
			buildActionMask = 2147483647;
			files = (
				522F90D8224FA30F0029E041 /* LaunchScreen.storyboard in Resources */,
				522F90D5224FA30F0029E041 /* Assets.xcassets in Resources */,
				522F90D3224FA30D0029E041 /* Main.storyboard in Resources */,
			);
			runOnlyForDeploymentPostprocessing = 0;
		};
		522F90DC224FA3100029E041 /* Resources */ = {
			isa = PBXResourcesBuildPhase;
			buildActionMask = 2147483647;
			files = (
			);
			runOnlyForDeploymentPostprocessing = 0;
		};
		522F90E7224FA3100029E041 /* Resources */ = {
			isa = PBXResourcesBuildPhase;
			buildActionMask = 2147483647;
			files = (
			);
			runOnlyForDeploymentPostprocessing = 0;
		};
/* End PBXResourcesBuildPhase section */

/* Begin PBXSourcesBuildPhase section */
		522F90C6224FA30C0029E041 /* Sources */ = {
			isa = PBXSourcesBuildPhase;
			buildActionMask = 2147483647;
			files = (
				522F90D0224FA30D0029E041 /* ViewController.swift in Sources */,
				522F90CE224FA30D0029E041 /* AppDelegate.swift in Sources */,
			);
			runOnlyForDeploymentPostprocessing = 0;
		};
		522F90DA224FA3100029E041 /* Sources */ = {
			isa = PBXSourcesBuildPhase;
			buildActionMask = 2147483647;
			files = (
				522F90E3224FA3100029E041 /* AppStoreJSONApisTests.swift in Sources */,
			);
			runOnlyForDeploymentPostprocessing = 0;
		};
		522F90E5224FA3100029E041 /* Sources */ = {
			isa = PBXSourcesBuildPhase;
			buildActionMask = 2147483647;
			files = (
				522F90EE224FA3100029E041 /* AppStoreJSONApisUITests.swift in Sources */,
			);
			runOnlyForDeploymentPostprocessing = 0;
		};
/* End PBXSourcesBuildPhase section */

/* Begin PBXTargetDependency section */
		522F90E0224FA3100029E041 /* PBXTargetDependency */ = {
			isa = PBXTargetDependency;
			target = 522F90C9224FA30C0029E041 /* AppStoreJSONApis */;
			targetProxy = 522F90DF224FA3100029E041 /* PBXContainerItemProxy */;
		};
		522F90EB224FA3100029E041 /* PBXTargetDependency */ = {
			isa = PBXTargetDependency;
			target = 522F90C9224FA30C0029E041 /* AppStoreJSONApis */;
			targetProxy = 522F90EA224FA3100029E041 /* PBXContainerItemProxy */;
		};
/* End PBXTargetDependency section */

/* Begin PBXVariantGroup section */
		522F90D1224FA30D0029E041 /* Main.storyboard */ = {
			isa = PBXVariantGroup;
			children = (
				522F90D2224FA30D0029E041 /* Base */,
			);
			name = Main.storyboard;
			sourceTree = "<group>";
		};
		522F90D6224FA30F0029E041 /* LaunchScreen.storyboard */ = {
			isa = PBXVariantGroup;
			children = (
				522F90D7224FA30F0029E041 /* Base */,
			);
			name = LaunchScreen.storyboard;
			sourceTree = "<group>";
		};
/* End PBXVariantGroup section */

/* Begin XCBuildConfiguration section */
		522F90F0224FA3100029E041 /* Debug */ = {
			isa = XCBuildConfiguration;
			buildSettings = {
				ALWAYS_SEARCH_USER_PATHS = NO;
				CLANG_ANALYZER_NONNULL = YES;
				CLANG_ANALYZER_NUMBER_OBJECT_CONVERSION = YES_AGGRESSIVE;
				CLANG_CXX_LANGUAGE_STANDARD = "gnu++14";
				CLANG_CXX_LIBRARY = "libc++";
				CLANG_ENABLE_MODULES = YES;
				CLANG_ENABLE_OBJC_ARC = YES;
				CLANG_ENABLE_OBJC_WEAK = YES;
				CLANG_WARN_BLOCK_CAPTURE_AUTORELEASING = YES;
				CLANG_WARN_BOOL_CONVERSION = YES;
				CLANG_WARN_COMMA = YES;
				CLANG_WARN_CONSTANT_CONVERSION = YES;
				CLANG_WARN_DEPRECATED_OBJC_IMPLEMENTATIONS = YES;
				CLANG_WARN_DIRECT_OBJC_ISA_USAGE = YES_ERROR;
				CLANG_WARN_DOCUMENTATION_COMMENTS = YES;
				CLANG_WARN_EMPTY_BODY = YES;
				CLANG_WARN_ENUM_CONVERSION = YES;
				CLANG_WARN_INFINITE_RECURSION = YES;
				CLANG_WARN_INT_CONVERSION = YES;
				CLANG_WARN_NON_LITERAL_NULL_CONVERSION = YES;
				CLANG_WARN_OBJC_IMPLICIT_RETAIN_SELF = YES;
				CLANG_WARN_OBJC_LITERAL_CONVERSION = YES;
				CLANG_WARN_OBJC_ROOT_CLASS = YES_ERROR;
				CLANG_WARN_RANGE_LOOP_ANALYSIS = YES;
				CLANG_WARN_STRICT_PROTOTYPES = YES;
				CLANG_WARN_SUSPICIOUS_MOVE = YES;
				CLANG_WARN_UNGUARDED_AVAILABILITY = YES_AGGRESSIVE;
				CLANG_WARN_UNREACHABLE_CODE = YES;
				CLANG_WARN__DUPLICATE_METHOD_MATCH = YES;
				CODE_SIGN_IDENTITY = "iPhone Developer";
				COPY_PHASE_STRIP = NO;
				DEBUG_INFORMATION_FORMAT = dwarf;
				ENABLE_STRICT_OBJC_MSGSEND = YES;
				ENABLE_TESTABILITY = YES;
				GCC_C_LANGUAGE_STANDARD = gnu11;
				GCC_DYNAMIC_NO_PIC = NO;
				GCC_NO_COMMON_BLOCKS = YES;
				GCC_OPTIMIZATION_LEVEL = 0;
				GCC_PREPROCESSOR_DEFINITIONS = (
					"DEBUG=1",
					"$(inherited)",
				);
				GCC_WARN_64_TO_32_BIT_CONVERSION = YES;
				GCC_WARN_ABOUT_RETURN_TYPE = YES_ERROR;
				GCC_WARN_UNDECLARED_SELECTOR = YES;
				GCC_WARN_UNINITIALIZED_AUTOS = YES_AGGRESSIVE;
				GCC_WARN_UNUSED_FUNCTION = YES;
				GCC_WARN_UNUSED_VARIABLE = YES;
				IPHONEOS_DEPLOYMENT_TARGET = 12.1;
				MTL_ENABLE_DEBUG_INFO = INCLUDE_SOURCE;
				MTL_FAST_MATH = YES;
				ONLY_ACTIVE_ARCH = YES;
				SDKROOT = iphoneos;
				SWIFT_ACTIVE_COMPILATION_CONDITIONS = DEBUG;
				SWIFT_OPTIMIZATION_LEVEL = "-Onone";
			};
			name = Debug;
		};
		522F90F1224FA3100029E041 /* Release */ = {
			isa = XCBuildConfiguration;
			buildSettings = {
				ALWAYS_SEARCH_USER_PATHS = NO;
				CLANG_ANALYZER_NONNULL = YES;
				CLANG_ANALYZER_NUMBER_OBJECT_CONVERSION = YES_AGGRESSIVE;
				CLANG_CXX_LANGUAGE_STANDARD = "gnu++14";
				CLANG_CXX_LIBRARY = "libc++";
				CLANG_ENABLE_MODULES = YES;
				CLANG_ENABLE_OBJC_ARC = YES;
				CLANG_ENABLE_OBJC_WEAK = YES;
				CLANG_WARN_BLOCK_CAPTURE_AUTORELEASING = YES;
				CLANG_WARN_BOOL_CONVERSION = YES;
				CLANG_WARN_COMMA = YES;
				CLANG_WARN_CONSTANT_CONVERSION = YES;
				CLANG_WARN_DEPRECATED_OBJC_IMPLEMENTATIONS = YES;
				CLANG_WARN_DIRECT_OBJC_ISA_USAGE = YES_ERROR;
				CLANG_WARN_DOCUMENTATION_COMMENTS = YES;
				CLANG_WARN_EMPTY_BODY = YES;
				CLANG_WARN_ENUM_CONVERSION = YES;
				CLANG_WARN_INFINITE_RECURSION = YES;
				CLANG_WARN_INT_CONVERSION = YES;
				CLANG_WARN_NON_LITERAL_NULL_CONVERSION = YES;
				CLANG_WARN_OBJC_IMPLICIT_RETAIN_SELF = YES;
				CLANG_WARN_OBJC_LITERAL_CONVERSION = YES;
				CLANG_WARN_OBJC_ROOT_CLASS = YES_ERROR;
				CLANG_WARN_RANGE_LOOP_ANALYSIS = YES;
				CLANG_WARN_STRICT_PROTOTYPES = YES;
				CLANG_WARN_SUSPICIOUS_MOVE = YES;
				CLANG_WARN_UNGUARDED_AVAILABILITY = YES_AGGRESSIVE;
				CLANG_WARN_UNREACHABLE_CODE = YES;
				CLANG_WARN__DUPLICATE_METHOD_MATCH = YES;
				CODE_SIGN_IDENTITY = "iPhone Developer";
				COPY_PHASE_STRIP = NO;
				DEBUG_INFORMATION_FORMAT = "dwarf-with-dsym";
				ENABLE_NS_ASSERTIONS = NO;
				ENABLE_STRICT_OBJC_MSGSEND = YES;
				GCC_C_LANGUAGE_STANDARD = gnu11;
				GCC_NO_COMMON_BLOCKS = YES;
				GCC_WARN_64_TO_32_BIT_CONVERSION = YES;
				GCC_WARN_ABOUT_RETURN_TYPE = YES_ERROR;
				GCC_WARN_UNDECLARED_SELECTOR = YES;
				GCC_WARN_UNINITIALIZED_AUTOS = YES_AGGRESSIVE;
				GCC_WARN_UNUSED_FUNCTION = YES;
				GCC_WARN_UNUSED_VARIABLE = YES;
				IPHONEOS_DEPLOYMENT_TARGET = 12.1;
				MTL_ENABLE_DEBUG_INFO = NO;
				MTL_FAST_MATH = YES;
				SDKROOT = iphoneos;
				SWIFT_COMPILATION_MODE = wholemodule;
				SWIFT_OPTIMIZATION_LEVEL = "-O";
				VALIDATE_PRODUCT = YES;
			};
			name = Release;
		};
		522F90F3224FA3100029E041 /* Debug */ = {
			isa = XCBuildConfiguration;
			buildSettings = {
				ASSETCATALOG_COMPILER_APPICON_NAME = AppIcon;
				CODE_SIGN_STYLE = Automatic;
				DEVELOPMENT_TEAM = HBCYBV88A2;
				INFOPLIST_FILE = AppStoreJSONApis/Info.plist;
				LD_RUNPATH_SEARCH_PATHS = (
					"$(inherited)",
					"@executable_path/Frameworks",
				);
				PRODUCT_BUNDLE_IDENTIFIER = YusuKe.AppStoreJSONApis;
				PRODUCT_NAME = "$(TARGET_NAME)";
				SWIFT_VERSION = 4.2;
				TARGETED_DEVICE_FAMILY = "1,2";
			};
			name = Debug;
		};
		522F90F4224FA3100029E041 /* Release */ = {
			isa = XCBuildConfiguration;
			buildSettings = {
				ASSETCATALOG_COMPILER_APPICON_NAME = AppIcon;
				CODE_SIGN_STYLE = Automatic;
				DEVELOPMENT_TEAM = HBCYBV88A2;
				INFOPLIST_FILE = AppStoreJSONApis/Info.plist;
				LD_RUNPATH_SEARCH_PATHS = (
					"$(inherited)",
					"@executable_path/Frameworks",
				);
				PRODUCT_BUNDLE_IDENTIFIER = YusuKe.AppStoreJSONApis;
				PRODUCT_NAME = "$(TARGET_NAME)";
				SWIFT_VERSION = 4.2;
				TARGETED_DEVICE_FAMILY = "1,2";
			};
			name = Release;
		};
		522F90F6224FA3100029E041 /* Debug */ = {
			isa = XCBuildConfiguration;
			buildSettings = {
				ALWAYS_EMBED_SWIFT_STANDARD_LIBRARIES = YES;
				BUNDLE_LOADER = "$(TEST_HOST)";
				CODE_SIGN_STYLE = Automatic;
				DEVELOPMENT_TEAM = HBCYBV88A2;
				INFOPLIST_FILE = AppStoreJSONApisTests/Info.plist;
				LD_RUNPATH_SEARCH_PATHS = (
					"$(inherited)",
					"@executable_path/Frameworks",
					"@loader_path/Frameworks",
				);
				PRODUCT_BUNDLE_IDENTIFIER = YusuKe.AppStoreJSONApisTests;
				PRODUCT_NAME = "$(TARGET_NAME)";
				SWIFT_VERSION = 4.2;
				TARGETED_DEVICE_FAMILY = "1,2";
				TEST_HOST = "$(BUILT_PRODUCTS_DIR)/AppStoreJSONApis.app/AppStoreJSONApis";
			};
			name = Debug;
		};
		522F90F7224FA3100029E041 /* Release */ = {
			isa = XCBuildConfiguration;
			buildSettings = {
				ALWAYS_EMBED_SWIFT_STANDARD_LIBRARIES = YES;
				BUNDLE_LOADER = "$(TEST_HOST)";
				CODE_SIGN_STYLE = Automatic;
				DEVELOPMENT_TEAM = HBCYBV88A2;
				INFOPLIST_FILE = AppStoreJSONApisTests/Info.plist;
				LD_RUNPATH_SEARCH_PATHS = (
					"$(inherited)",
					"@executable_path/Frameworks",
					"@loader_path/Frameworks",
				);
				PRODUCT_BUNDLE_IDENTIFIER = YusuKe.AppStoreJSONApisTests;
				PRODUCT_NAME = "$(TARGET_NAME)";
				SWIFT_VERSION = 4.2;
				TARGETED_DEVICE_FAMILY = "1,2";
				TEST_HOST = "$(BUILT_PRODUCTS_DIR)/AppStoreJSONApis.app/AppStoreJSONApis";
			};
			name = Release;
		};
		522F90F9224FA3100029E041 /* Debug */ = {
			isa = XCBuildConfiguration;
			buildSettings = {
				ALWAYS_EMBED_SWIFT_STANDARD_LIBRARIES = YES;
				CODE_SIGN_STYLE = Automatic;
				DEVELOPMENT_TEAM = HBCYBV88A2;
				INFOPLIST_FILE = AppStoreJSONApisUITests/Info.plist;
				LD_RUNPATH_SEARCH_PATHS = (
					"$(inherited)",
					"@executable_path/Frameworks",
					"@loader_path/Frameworks",
				);
				PRODUCT_BUNDLE_IDENTIFIER = YusuKe.AppStoreJSONApisUITests;
				PRODUCT_NAME = "$(TARGET_NAME)";
				SWIFT_VERSION = 4.2;
				TARGETED_DEVICE_FAMILY = "1,2";
				TEST_TARGET_NAME = AppStoreJSONApis;
			};
			name = Debug;
		};
		522F90FA224FA3100029E041 /* Release */ = {
			isa = XCBuildConfiguration;
			buildSettings = {
				ALWAYS_EMBED_SWIFT_STANDARD_LIBRARIES = YES;
				CODE_SIGN_STYLE = Automatic;
				DEVELOPMENT_TEAM = HBCYBV88A2;
				INFOPLIST_FILE = AppStoreJSONApisUITests/Info.plist;
				LD_RUNPATH_SEARCH_PATHS = (
					"$(inherited)",
					"@executable_path/Frameworks",
					"@loader_path/Frameworks",
				);
				PRODUCT_BUNDLE_IDENTIFIER = YusuKe.AppStoreJSONApisUITests;
				PRODUCT_NAME = "$(TARGET_NAME)";
				SWIFT_VERSION = 4.2;
				TARGETED_DEVICE_FAMILY = "1,2";
				TEST_TARGET_NAME = AppStoreJSONApis;
			};
			name = Release;
		};
/* End XCBuildConfiguration section */

/* Begin XCConfigurationList section */
		522F90C5224FA30C0029E041 /* Build configuration list for PBXProject "AppStoreJSONApis" */ = {
			isa = XCConfigurationList;
			buildConfigurations = (
				522F90F0224FA3100029E041 /* Debug */,
				522F90F1224FA3100029E041 /* Release */,
			);
			defaultConfigurationIsVisible = 0;
			defaultConfigurationName = Release;
		};
		522F90F2224FA3100029E041 /* Build configuration list for PBXNativeTarget "AppStoreJSONApis" */ = {
			isa = XCConfigurationList;
			buildConfigurations = (
				522F90F3224FA3100029E041 /* Debug */,
				522F90F4224FA3100029E041 /* Release */,
			);
			defaultConfigurationIsVisible = 0;
			defaultConfigurationName = Release;
		};
		522F90F5224FA3100029E041 /* Build configuration list for PBXNativeTarget "AppStoreJSONApisTests" */ = {
			isa = XCConfigurationList;
			buildConfigurations = (
				522F90F6224FA3100029E041 /* Debug */,
				522F90F7224FA3100029E041 /* Release */,
			);
			defaultConfigurationIsVisible = 0;
			defaultConfigurationName = Release;
		};
		522F90F8224FA3100029E041 /* Build configuration list for PBXNativeTarget "AppStoreJSONApisUITests" */ = {
			isa = XCConfigurationList;
			buildConfigurations = (
				522F90F9224FA3100029E041 /* Debug */,
				522F90FA224FA3100029E041 /* Release */,
			);
			defaultConfigurationIsVisible = 0;
			defaultConfigurationName = Release;
		};
/* End XCConfigurationList section */
	};
	rootObject = 522F90C2224FA30C0029E041 /* Project object */;
}
